// !$*UTF8*$!
{
	archiveVersion = 1;
	classes = {
	};
	objectVersion = 46;
	objects = {

/* Begin PBXBuildFile section */
		7F214CED1B1EAF91008C883D /* test1.jpg in Resources */ = {isa = PBXBuildFile; fileRef = 7F214CEC1B1EAF91008C883D /* test1.jpg */; };
		7F214CEF1B1EB002008C883D /* test3.jpg in Resources */ = {isa = PBXBuildFile; fileRef = 7F214CEE1B1EB002008C883D /* test3.jpg */; };
		7FB0E4E71B1A9A8E00F40ACE /* main.m in Sources */ = {isa = PBXBuildFile; fileRef = 7FB0E4E61B1A9A8E00F40ACE /* main.m */; };
		7FB0E4EA1B1A9A8E00F40ACE /* AppDelegate.m in Sources */ = {isa = PBXBuildFile; fileRef = 7FB0E4E91B1A9A8E00F40ACE /* AppDelegate.m */; };
		7FB0E4ED1B1A9A8E00F40ACE /* ViewController.m in Sources */ = {isa = PBXBuildFile; fileRef = 7FB0E4EC1B1A9A8E00F40ACE /* ViewController.m */; };
		7FB0E4F21B1A9A8E00F40ACE /* Images.xcassets in Resources */ = {isa = PBXBuildFile; fileRef = 7FB0E4F11B1A9A8E00F40ACE /* Images.xcassets */; };
		7FB0E4F51B1A9A8E00F40ACE /* LaunchScreen.xib in Resources */ = {isa = PBXBuildFile; fileRef = 7FB0E4F31B1A9A8E00F40ACE /* LaunchScreen.xib */; };
		7FB0E5011B1A9A8E00F40ACE /* test_ltnavigationbarTests.m in Sources */ = {isa = PBXBuildFile; fileRef = 7FB0E5001B1A9A8E00F40ACE /* test_ltnavigationbarTests.m */; };
		7FB0E5121B1A9C3000F40ACE /* icon_navi_detail_back@2x.png in Resources */ = {isa = PBXBuildFile; fileRef = 7FB0E50B1B1A9C3000F40ACE /* icon_navi_detail_back@2x.png */; };
		7FB0E5131B1A9C3000F40ACE /* btn_new_common_share_pressed@2x.png in Resources */ = {isa = PBXBuildFile; fileRef = 7FB0E50C1B1A9C3000F40ACE /* btn_new_common_share_pressed@2x.png */; };
		7FB0E5141B1A9C3000F40ACE /* icon_navi_detail_back_active@2x.png in Resources */ = {isa = PBXBuildFile; fileRef = 7FB0E50D1B1A9C3000F40ACE /* icon_navi_detail_back_active@2x.png */; };
		7FB0E5151B1A9C3000F40ACE /* icon_navi_detail_share@2x.png in Resources */ = {isa = PBXBuildFile; fileRef = 7FB0E50E1B1A9C3000F40ACE /* icon_navi_detail_share@2x.png */; };
		7FB0E5161B1A9C3000F40ACE /* icon_navi_detail_favorite_off_active@2x.png in Resources */ = {isa = PBXBuildFile; fileRef = 7FB0E50F1B1A9C3000F40ACE /* icon_navi_detail_favorite_off_active@2x.png */; };
		7FB0E5171B1A9C3000F40ACE /* icon_navi_detail_favorite_off@2x.png in Resources */ = {isa = PBXBuildFile; fileRef = 7FB0E5101B1A9C3000F40ACE /* icon_navi_detail_favorite_off@2x.png */; };
		7FB0E5181B1A9C3000F40ACE /* test.jpg in Resources */ = {isa = PBXBuildFile; fileRef = 7FB0E5111B1A9C3000F40ACE /* test.jpg */; };
		7FB0E51C1B1A9D5200F40ACE /* UINavigationBar+Awesome.m in Sources */ = {isa = PBXBuildFile; fileRef = 7FB0E51B1B1A9D5200F40ACE /* UINavigationBar+Awesome.m */; };
		7FB0E5231B1AA11600F40ACE /* ViewController.xib in Resources */ = {isa = PBXBuildFile; fileRef = 7FB0E5221B1AA11600F40ACE /* ViewController.xib */; };
/* End PBXBuildFile section */

/* Begin PBXContainerItemProxy section */
		7FB0E4FB1B1A9A8E00F40ACE /* PBXContainerItemProxy */ = {
			isa = PBXContainerItemProxy;
			containerPortal = 7FB0E4D91B1A9A8E00F40ACE /* Project object */;
			proxyType = 1;
			remoteGlobalIDString = 7FB0E4E01B1A9A8E00F40ACE;
			remoteInfo = test_ltnavigationbar;
		};
/* End PBXContainerItemProxy section */

/* Begin PBXFileReference section */
		7F214CEC1B1EAF91008C883D /* test1.jpg */ = {isa = PBXFileReference; lastKnownFileType = image.jpeg; name = test1.jpg; path = ../../test1.jpg; sourceTree = "<group>"; };
		7F214CEE1B1EB002008C883D /* test3.jpg */ = {isa = PBXFileReference; lastKnownFileType = image.jpeg; name = test3.jpg; path = ../../test3.jpg; sourceTree = "<group>"; };
		7FB0E4E11B1A9A8E00F40ACE /* test_ltnavigationbar.app */ = {isa = PBXFileReference; explicitFileType = wrapper.application; includeInIndex = 0; path = test_ltnavigationbar.app; sourceTree = BUILT_PRODUCTS_DIR; };
		7FB0E4E51B1A9A8E00F40ACE /* Info.plist */ = {isa = PBXFileReference; lastKnownFileType = text.plist.xml; path = Info.plist; sourceTree = "<group>"; };
		7FB0E4E61B1A9A8E00F40ACE /* main.m */ = {isa = PBXFileReference; lastKnownFileType = sourcecode.c.objc; path = main.m; sourceTree = "<group>"; };
		7FB0E4E81B1A9A8E00F40ACE /* AppDelegate.h */ = {isa = PBXFileReference; lastKnownFileType = sourcecode.c.h; path = AppDelegate.h; sourceTree = "<group>"; };
		7FB0E4E91B1A9A8E00F40ACE /* AppDelegate.m */ = {isa = PBXFileReference; lastKnownFileType = sourcecode.c.objc; path = AppDelegate.m; sourceTree = "<group>"; };
		7FB0E4EB1B1A9A8E00F40ACE /* ViewController.h */ = {isa = PBXFileReference; lastKnownFileType = sourcecode.c.h; path = ViewController.h; sourceTree = "<group>"; };
		7FB0E4EC1B1A9A8E00F40ACE /* ViewController.m */ = {isa = PBXFileReference; lastKnownFileType = sourcecode.c.objc; path = ViewController.m; sourceTree = "<group>"; };
		7FB0E4F11B1A9A8E00F40ACE /* Images.xcassets */ = {isa = PBXFileReference; lastKnownFileType = folder.assetcatalog; path = Images.xcassets; sourceTree = "<group>"; };
		7FB0E4F41B1A9A8E00F40ACE /* Base */ = {isa = PBXFileReference; lastKnownFileType = file.xib; name = Base; path = Base.lproj/LaunchScreen.xib; sourceTree = "<group>"; };
		7FB0E4FA1B1A9A8E00F40ACE /* test_ltnavigationbarTests.xctest */ = {isa = PBXFileReference; explicitFileType = wrapper.cfbundle; includeInIndex = 0; path = test_ltnavigationbarTests.xctest; sourceTree = BUILT_PRODUCTS_DIR; };
		7FB0E4FF1B1A9A8E00F40ACE /* Info.plist */ = {isa = PBXFileReference; lastKnownFileType = text.plist.xml; path = Info.plist; sourceTree = "<group>"; };
		7FB0E5001B1A9A8E00F40ACE /* test_ltnavigationbarTests.m */ = {isa = PBXFileReference; lastKnownFileType = sourcecode.c.objc; path = test_ltnavigationbarTests.m; sourceTree = "<group>"; };
		7FB0E50B1B1A9C3000F40ACE /* icon_navi_detail_back@2x.png */ = {isa = PBXFileReference; lastKnownFileType = image.png; path = "icon_navi_detail_back@2x.png"; sourceTree = "<group>"; };
		7FB0E50C1B1A9C3000F40ACE /* btn_new_common_share_pressed@2x.png */ = {isa = PBXFileReference; lastKnownFileType = image.png; path = "btn_new_common_share_pressed@2x.png"; sourceTree = "<group>"; };
		7FB0E50D1B1A9C3000F40ACE /* icon_navi_detail_back_active@2x.png */ = {isa = PBXFileReference; lastKnownFileType = image.png; path = "icon_navi_detail_back_active@2x.png"; sourceTree = "<group>"; };
		7FB0E50E1B1A9C3000F40ACE /* icon_navi_detail_share@2x.png */ = {isa = PBXFileReference; lastKnownFileType = image.png; path = "icon_navi_detail_share@2x.png"; sourceTree = "<group>"; };
		7FB0E50F1B1A9C3000F40ACE /* icon_navi_detail_favorite_off_active@2x.png */ = {isa = PBXFileReference; lastKnownFileType = image.png; path = "icon_navi_detail_favorite_off_active@2x.png"; sourceTree = "<group>"; };
		7FB0E5101B1A9C3000F40ACE /* icon_navi_detail_favorite_off@2x.png */ = {isa = PBXFileReference; lastKnownFileType = image.png; path = "icon_navi_detail_favorite_off@2x.png"; sourceTree = "<group>"; };
		7FB0E5111B1A9C3000F40ACE /* test.jpg */ = {isa = PBXFileReference; lastKnownFileType = image.jpeg; path = test.jpg; sourceTree = "<group>"; };
		7FB0E51A1B1A9D5200F40ACE /* UINavigationBar+Awesome.h */ = {isa = PBXFileReference; fileEncoding = 4; lastKnownFileType = sourcecode.c.h; path = "UINavigationBar+Awesome.h"; sourceTree = "<group>"; };
		7FB0E51B1B1A9D5200F40ACE /* UINavigationBar+Awesome.m */ = {isa = PBXFileReference; fileEncoding = 4; lastKnownFileType = sourcecode.c.objc; path = "UINavigationBar+Awesome.m"; sourceTree = "<group>"; };
		7FB0E51D1B1A9EF300F40ACE /* Reveal.framework */ = {isa = PBXFileReference; lastKnownFileType = wrapper.framework; path = Reveal.framework; sourceTree = "<group>"; };
		7FB0E5221B1AA11600F40ACE /* ViewController.xib */ = {isa = PBXFileReference; fileEncoding = 4; lastKnownFileType = file.xib; path = ViewController.xib; sourceTree = "<group>"; };
/* End PBXFileReference section */

/* Begin PBXFrameworksBuildPhase section */
		7FB0E4DE1B1A9A8E00F40ACE /* Frameworks */ = {
			isa = PBXFrameworksBuildPhase;
			buildActionMask = 2147483647;
			files = (
			);
			runOnlyForDeploymentPostprocessing = 0;
		};
		7FB0E4F71B1A9A8E00F40ACE /* Frameworks */ = {
			isa = PBXFrameworksBuildPhase;
			buildActionMask = 2147483647;
			files = (
			);
			runOnlyForDeploymentPostprocessing = 0;
		};
/* End PBXFrameworksBuildPhase section */

/* Begin PBXGroup section */
		7FB0E4D81B1A9A8E00F40ACE = {
			isa = PBXGroup;
			children = (
				7FB0E51D1B1A9EF300F40ACE /* Reveal.framework */,
				7FB0E4E31B1A9A8E00F40ACE /* test_ltnavigationbar */,
				7FB0E4FD1B1A9A8E00F40ACE /* test_ltnavigationbarTests */,
				7FB0E4E21B1A9A8E00F40ACE /* Products */,
			);
			sourceTree = "<group>";
		};
		7FB0E4E21B1A9A8E00F40ACE /* Products */ = {
			isa = PBXGroup;
			children = (
				7FB0E4E11B1A9A8E00F40ACE /* test_ltnavigationbar.app */,
				7FB0E4FA1B1A9A8E00F40ACE /* test_ltnavigationbarTests.xctest */,
			);
			name = Products;
			sourceTree = "<group>";
		};
		7FB0E4E31B1A9A8E00F40ACE /* test_ltnavigationbar */ = {
			isa = PBXGroup;
			children = (
				7FB0E5191B1A9D4500F40ACE /* lib */,
				7FB0E4E81B1A9A8E00F40ACE /* AppDelegate.h */,
				7FB0E4E91B1A9A8E00F40ACE /* AppDelegate.m */,
				7FB0E4EB1B1A9A8E00F40ACE /* ViewController.h */,
				7FB0E4EC1B1A9A8E00F40ACE /* ViewController.m */,
				7FB0E5221B1AA11600F40ACE /* ViewController.xib */,
				7FB0E4F11B1A9A8E00F40ACE /* Images.xcassets */,
				7FB0E4F31B1A9A8E00F40ACE /* LaunchScreen.xib */,
				7FB0E4E41B1A9A8E00F40ACE /* Supporting Files */,
			);
			path = test_ltnavigationbar;
			sourceTree = "<group>";
		};
		7FB0E4E41B1A9A8E00F40ACE /* Supporting Files */ = {
			isa = PBXGroup;
			children = (
				7FB0E50A1B1A9C1800F40ACE /* img */,
				7FB0E4E51B1A9A8E00F40ACE /* Info.plist */,
				7FB0E4E61B1A9A8E00F40ACE /* main.m */,
			);
			name = "Supporting Files";
			sourceTree = "<group>";
		};
		7FB0E4FD1B1A9A8E00F40ACE /* test_ltnavigationbarTests */ = {
			isa = PBXGroup;
			children = (
				7FB0E5001B1A9A8E00F40ACE /* test_ltnavigationbarTests.m */,
				7FB0E4FE1B1A9A8E00F40ACE /* Supporting Files */,
			);
			path = test_ltnavigationbarTests;
			sourceTree = "<group>";
		};
		7FB0E4FE1B1A9A8E00F40ACE /* Supporting Files */ = {
			isa = PBXGroup;
			children = (
				7FB0E4FF1B1A9A8E00F40ACE /* Info.plist */,
			);
			name = "Supporting Files";
			sourceTree = "<group>";
		};
		7FB0E50A1B1A9C1800F40ACE /* img */ = {
			isa = PBXGroup;
			children = (
				7F214CEE1B1EB002008C883D /* test3.jpg */,
				7F214CEC1B1EAF91008C883D /* test1.jpg */,
				7FB0E50B1B1A9C3000F40ACE /* icon_navi_detail_back@2x.png */,
				7FB0E50C1B1A9C3000F40ACE /* btn_new_common_share_pressed@2x.png */,
				7FB0E50D1B1A9C3000F40ACE /* icon_navi_detail_back_active@2x.png */,
				7FB0E50E1B1A9C3000F40ACE /* icon_navi_detail_share@2x.png */,
				7FB0E50F1B1A9C3000F40ACE /* icon_navi_detail_favorite_off_active@2x.png */,
				7FB0E5101B1A9C3000F40ACE /* icon_navi_detail_favorite_off@2x.png */,
				7FB0E5111B1A9C3000F40ACE /* test.jpg */,
			);
			name = img;
			sourceTree = "<group>";
		};
		7FB0E5191B1A9D4500F40ACE /* lib */ = {
			isa = PBXGroup;
			children = (
				7FB0E51A1B1A9D5200F40ACE /* UINavigationBar+Awesome.h */,
				7FB0E51B1B1A9D5200F40ACE /* UINavigationBar+Awesome.m */,
			);
			name = lib;
			sourceTree = "<group>";
		};
/* End PBXGroup section */

/* Begin PBXNativeTarget section */
		7FB0E4E01B1A9A8E00F40ACE /* test_ltnavigationbar */ = {
			isa = PBXNativeTarget;
			buildConfigurationList = 7FB0E5041B1A9A8E00F40ACE /* Build configuration list for PBXNativeTarget "test_ltnavigationbar" */;
			buildPhases = (
				7FB0E4DD1B1A9A8E00F40ACE /* Sources */,
				7FB0E4DE1B1A9A8E00F40ACE /* Frameworks */,
				7FB0E4DF1B1A9A8E00F40ACE /* Resources */,
			);
			buildRules = (
			);
			dependencies = (
			);
			name = test_ltnavigationbar;
			productName = test_ltnavigationbar;
			productReference = 7FB0E4E11B1A9A8E00F40ACE /* test_ltnavigationbar.app */;
			productType = "com.apple.product-type.application";
		};
		7FB0E4F91B1A9A8E00F40ACE /* test_ltnavigationbarTests */ = {
			isa = PBXNativeTarget;
			buildConfigurationList = 7FB0E5071B1A9A8E00F40ACE /* Build configuration list for PBXNativeTarget "test_ltnavigationbarTests" */;
			buildPhases = (
				7FB0E4F61B1A9A8E00F40ACE /* Sources */,
				7FB0E4F71B1A9A8E00F40ACE /* Frameworks */,
				7FB0E4F81B1A9A8E00F40ACE /* Resources */,
			);
			buildRules = (
			);
			dependencies = (
				7FB0E4FC1B1A9A8E00F40ACE /* PBXTargetDependency */,
			);
			name = test_ltnavigationbarTests;
			productName = test_ltnavigationbarTests;
			productReference = 7FB0E4FA1B1A9A8E00F40ACE /* test_ltnavigationbarTests.xctest */;
			productType = "com.apple.product-type.bundle.unit-test";
		};
/* End PBXNativeTarget section */

/* Begin PBXProject section */
		7FB0E4D91B1A9A8E00F40ACE /* Project object */ = {
			isa = PBXProject;
			attributes = {
				LastUpgradeCheck = 0630;
				ORGANIZATIONNAME = sangen;
				TargetAttributes = {
					7FB0E4E01B1A9A8E00F40ACE = {
						CreatedOnToolsVersion = 6.3;
						DevelopmentTeam = N848X7A8BT;
					};
					7FB0E4F91B1A9A8E00F40ACE = {
						CreatedOnToolsVersion = 6.3;
						TestTargetID = 7FB0E4E01B1A9A8E00F40ACE;
					};
				};
			};
			buildConfigurationList = 7FB0E4DC1B1A9A8E00F40ACE /* Build configuration list for PBXProject "test_ltnavigationbar" */;
			compatibilityVersion = "Xcode 3.2";
			developmentRegion = English;
			hasScannedForEncodings = 0;
			knownRegions = (
				en,
				Base,
			);
			mainGroup = 7FB0E4D81B1A9A8E00F40ACE;
			productRefGroup = 7FB0E4E21B1A9A8E00F40ACE /* Products */;
			projectDirPath = "";
			projectRoot = "";
			targets = (
				7FB0E4E01B1A9A8E00F40ACE /* test_ltnavigationbar */,
				7FB0E4F91B1A9A8E00F40ACE /* test_ltnavigationbarTests */,
			);
		};
/* End PBXProject section */

/* Begin PBXResourcesBuildPhase section */
		7FB0E4DF1B1A9A8E00F40ACE /* Resources */ = {
			isa = PBXResourcesBuildPhase;
			buildActionMask = 2147483647;
			files = (
				7FB0E5231B1AA11600F40ACE /* ViewController.xib in Resources */,
				7FB0E5151B1A9C3000F40ACE /* icon_navi_detail_share@2x.png in Resources */,
				7FB0E5181B1A9C3000F40ACE /* test.jpg in Resources */,
				7FB0E5171B1A9C3000F40ACE /* icon_navi_detail_favorite_off@2x.png in Resources */,
				7F214CED1B1EAF91008C883D /* test1.jpg in Resources */,
				7FB0E5141B1A9C3000F40ACE /* icon_navi_detail_back_active@2x.png in Resources */,
				7FB0E5131B1A9C3000F40ACE /* btn_new_common_share_pressed@2x.png in Resources */,
				7FB0E5161B1A9C3000F40ACE /* icon_navi_detail_favorite_off_active@2x.png in Resources */,
				7FB0E5121B1A9C3000F40ACE /* icon_navi_detail_back@2x.png in Resources */,
				7FB0E4F51B1A9A8E00F40ACE /* LaunchScreen.xib in Resources */,
				7FB0E4F21B1A9A8E00F40ACE /* Images.xcassets in Resources */,
				7F214CEF1B1EB002008C883D /* test3.jpg in Resources */,
			);
			runOnlyForDeploymentPostprocessing = 0;
		};
		7FB0E4F81B1A9A8E00F40ACE /* Resources */ = {
			isa = PBXResourcesBuildPhase;
			buildActionMask = 2147483647;
			files = (
			);
			runOnlyForDeploymentPostprocessing = 0;
		};
/* End PBXResourcesBuildPhase section */

/* Begin PBXSourcesBuildPhase section */
		7FB0E4DD1B1A9A8E00F40ACE /* Sources */ = {
			isa = PBXSourcesBuildPhase;
			buildActionMask = 2147483647;
			files = (
				7FB0E4ED1B1A9A8E00F40ACE /* ViewController.m in Sources */,
				7FB0E4EA1B1A9A8E00F40ACE /* AppDelegate.m in Sources */,
				7FB0E4E71B1A9A8E00F40ACE /* main.m in Sources */,
				7FB0E51C1B1A9D5200F40ACE /* UINavigationBar+Awesome.m in Sources */,
			);
			runOnlyForDeploymentPostprocessing = 0;
		};
		7FB0E4F61B1A9A8E00F40ACE /* Sources */ = {
			isa = PBXSourcesBuildPhase;
			buildActionMask = 2147483647;
			files = (
				7FB0E5011B1A9A8E00F40ACE /* test_ltnavigationbarTests.m in Sources */,
			);
			runOnlyForDeploymentPostprocessing = 0;
		};
/* End PBXSourcesBuildPhase section */

/* Begin PBXTargetDependency section */
		7FB0E4FC1B1A9A8E00F40ACE /* PBXTargetDependency */ = {
			isa = PBXTargetDependency;
			target = 7FB0E4E01B1A9A8E00F40ACE /* test_ltnavigationbar */;
			targetProxy = 7FB0E4FB1B1A9A8E00F40ACE /* PBXContainerItemProxy */;
		};
/* End PBXTargetDependency section */

/* Begin PBXVariantGroup section */
		7FB0E4F31B1A9A8E00F40ACE /* LaunchScreen.xib */ = {
			isa = PBXVariantGroup;
			children = (
				7FB0E4F41B1A9A8E00F40ACE /* Base */,
			);
			name = LaunchScreen.xib;
			sourceTree = "<group>";
		};
/* End PBXVariantGroup section */

/* Begin XCBuildConfiguration section */
		7FB0E5021B1A9A8E00F40ACE /* Debug */ = {
			isa = XCBuildConfiguration;
			buildSettings = {
				ALWAYS_SEARCH_USER_PATHS = NO;
				CLANG_CXX_LANGUAGE_STANDARD = "gnu++0x";
				CLANG_CXX_LIBRARY = "libc++";
				CLANG_ENABLE_MODULES = YES;
				CLANG_ENABLE_OBJC_ARC = YES;
				CLANG_WARN_BOOL_CONVERSION = YES;
				CLANG_WARN_CONSTANT_CONVERSION = YES;
				CLANG_WARN_DIRECT_OBJC_ISA_USAGE = YES_ERROR;
				CLANG_WARN_EMPTY_BODY = YES;
				CLANG_WARN_ENUM_CONVERSION = YES;
				CLANG_WARN_INT_CONVERSION = YES;
				CLANG_WARN_OBJC_ROOT_CLASS = YES_ERROR;
				CLANG_WARN_UNREACHABLE_CODE = YES;
				CLANG_WARN__DUPLICATE_METHOD_MATCH = YES;
				"CODE_SIGN_IDENTITY[sdk=iphoneos*]" = "iPhone Developer";
				COPY_PHASE_STRIP = NO;
				DEBUG_INFORMATION_FORMAT = "dwarf-with-dsym";
				ENABLE_STRICT_OBJC_MSGSEND = YES;
				GCC_C_LANGUAGE_STANDARD = gnu99;
				GCC_DYNAMIC_NO_PIC = NO;
				GCC_NO_COMMON_BLOCKS = YES;
				GCC_OPTIMIZATION_LEVEL = 0;
				GCC_PREPROCESSOR_DEFINITIONS = (
					"DEBUG=1",
					"$(inherited)",
				);
				GCC_SYMBOLS_PRIVATE_EXTERN = NO;
				GCC_WARN_64_TO_32_BIT_CONVERSION = YES;
				GCC_WARN_ABOUT_RETURN_TYPE = YES_ERROR;
				GCC_WARN_UNDECLARED_SELECTOR = YES;
				GCC_WARN_UNINITIALIZED_AUTOS = YES_AGGRESSIVE;
				GCC_WARN_UNUSED_FUNCTION = YES;
				GCC_WARN_UNUSED_VARIABLE = YES;
				IPHONEOS_DEPLOYMENT_TARGET = 8.3;
				MTL_ENABLE_DEBUG_INFO = YES;
				ONLY_ACTIVE_ARCH = YES;
				SDKROOT = iphoneos;
				TARGETED_DEVICE_FAMILY = "1,2";
			};
			name = Debug;
		};
		7FB0E5031B1A9A8E00F40ACE /* Release */ = {
			isa = XCBuildConfiguration;
			buildSettings = {
				ALWAYS_SEARCH_USER_PATHS = NO;
				CLANG_CXX_LANGUAGE_STANDARD = "gnu++0x";
				CLANG_CXX_LIBRARY = "libc++";
				CLANG_ENABLE_MODULES = YES;
				CLANG_ENABLE_OBJC_ARC = YES;
				CLANG_WARN_BOOL_CONVERSION = YES;
				CLANG_WARN_CONSTANT_CONVERSION = YES;
				CLANG_WARN_DIRECT_OBJC_ISA_USAGE = YES_ERROR;
				CLANG_WARN_EMPTY_BODY = YES;
				CLANG_WARN_ENUM_CONVERSION = YES;
				CLANG_WARN_INT_CONVERSION = YES;
				CLANG_WARN_OBJC_ROOT_CLASS = YES_ERROR;
				CLANG_WARN_UNREACHABLE_CODE = YES;
				CLANG_WARN__DUPLICATE_METHOD_MATCH = YES;
				"CODE_SIGN_IDENTITY[sdk=iphoneos*]" = "iPhone Developer";
				COPY_PHASE_STRIP = NO;
				DEBUG_INFORMATION_FORMAT = "dwarf-with-dsym";
				ENABLE_NS_ASSERTIONS = NO;
				ENABLE_STRICT_OBJC_MSGSEND = YES;
				GCC_C_LANGUAGE_STANDARD = gnu99;
				GCC_NO_COMMON_BLOCKS = YES;
				GCC_WARN_64_TO_32_BIT_CONVERSION = YES;
				GCC_WARN_ABOUT_RETURN_TYPE = YES_ERROR;
				GCC_WARN_UNDECLARED_SELECTOR = YES;
				GCC_WARN_UNINITIALIZED_AUTOS = YES_AGGRESSIVE;
				GCC_WARN_UNUSED_FUNCTION = YES;
				GCC_WARN_UNUSED_VARIABLE = YES;
				IPHONEOS_DEPLOYMENT_TARGET = 8.3;
				MTL_ENABLE_DEBUG_INFO = NO;
				SDKROOT = iphoneos;
				TARGETED_DEVICE_FAMILY = "1,2";
				VALIDATE_PRODUCT = YES;
			};
			name = Release;
		};
		7FB0E5051B1A9A8E00F40ACE /* Debug */ = {
			isa = XCBuildConfiguration;
			buildSettings = {
				ASSETCATALOG_COMPILER_APPICON_NAME = AppIcon;
				CODE_SIGN_IDENTITY = "iPhone Developer";
				FRAMEWORK_SEARCH_PATHS = (
					"$(inherited)",
					"$(PROJECT_DIR)",
				);
				INFOPLIST_FILE = test_ltnavigationbar/Info.plist;
				IPHONEOS_DEPLOYMENT_TARGET = 7.0;
				LD_RUNPATH_SEARCH_PATHS = "$(inherited) @executable_path/Frameworks";
				OTHER_LDFLAGS = (
					"-ObjC",
					"-lz",
					"-framework",
					Reveal,
				);
				PRODUCT_NAME = "$(TARGET_NAME)";
			};
			name = Debug;
		};
		7FB0E5061B1A9A8E00F40ACE /* Release */ = {
			isa = XCBuildConfiguration;
			buildSettings = {
				ASSETCATALOG_COMPILER_APPICON_NAME = AppIcon;
				CODE_SIGN_IDENTITY = "iPhone Developer";
				FRAMEWORK_SEARCH_PATHS = (
					"$(inherited)",
					"$(PROJECT_DIR)",
				);
				INFOPLIST_FILE = test_ltnavigationbar/Info.plist;
				IPHONEOS_DEPLOYMENT_TARGET = 7.0;
				LD_RUNPATH_SEARCH_PATHS = "$(inherited) @executable_path/Frameworks";
				OTHER_LDFLAGS = (
					"-ObjC",
					"-lz",
					"-framework",
					Reveal,
				);
				PRODUCT_NAME = "$(TARGET_NAME)";
			};
			name = Release;
		};
		7FB0E5081B1A9A8E00F40ACE /* Debug */ = {
			isa = XCBuildConfiguration;
			buildSettings = {
				BUNDLE_LOADER = "$(TEST_HOST)";
				FRAMEWORK_SEARCH_PATHS = (
					"$(SDKROOT)/Developer/Library/Frameworks",
					"$(inherited)",
				);
				GCC_PREPROCESSOR_DEFINITIONS = (
					"DEBUG=1",
					"$(inherited)",
				);
				INFOPLIST_FILE = test_ltnavigationbarTests/Info.plist;
				LD_RUNPATH_SEARCH_PATHS = "$(inherited) @executable_path/Frameworks @loader_path/Frameworks";
				PRODUCT_NAME = "$(TARGET_NAME)";
				TEST_HOST = "$(BUILT_PRODUCTS_DIR)/test_ltnavigationbar.app/test_ltnavigationbar";
			};
			name = Debug;
		};
		7FB0E5091B1A9A8E00F40ACE /* Release */ = {
			isa = XCBuildConfiguration;
			buildSettings = {
				BUNDLE_LOADER = "$(TEST_HOST)";
				FRAMEWORK_SEARCH_PATHS = (
					"$(SDKROOT)/Developer/Library/Frameworks",
					"$(inherited)",
				);
				INFOPLIST_FILE = test_ltnavigationbarTests/Info.plist;
				LD_RUNPATH_SEARCH_PATHS = "$(inherited) @executable_path/Frameworks @loader_path/Frameworks";
				PRODUCT_NAME = "$(TARGET_NAME)";
				TEST_HOST = "$(BUILT_PRODUCTS_DIR)/test_ltnavigationbar.app/test_ltnavigationbar";
			};
			name = Release;
		};
/* End XCBuildConfiguration section */

/* Begin XCConfigurationList section */
		7FB0E4DC1B1A9A8E00F40ACE /* Build configuration list for PBXProject "test_ltnavigationbar" */ = {
			isa = XCConfigurationList;
			buildConfigurations = (
				7FB0E5021B1A9A8E00F40ACE /* Debug */,
				7FB0E5031B1A9A8E00F40ACE /* Release */,
			);
			defaultConfigurationIsVisible = 0;
			defaultConfigurationName = Release;
		};
		7FB0E5041B1A9A8E00F40ACE /* Build configuration list for PBXNativeTarget "test_ltnavigationbar" */ = {
			isa = XCConfigurationList;
			buildConfigurations = (
				7FB0E5051B1A9A8E00F40ACE /* Debug */,
				7FB0E5061B1A9A8E00F40ACE /* Release */,
			);
			defaultConfigurationIsVisible = 0;
			defaultConfigurationName = Release;
		};
		7FB0E5071B1A9A8E00F40ACE /* Build configuration list for PBXNativeTarget "test_ltnavigationbarTests" */ = {
			isa = XCConfigurationList;
			buildConfigurations = (
				7FB0E5081B1A9A8E00F40ACE /* Debug */,
				7FB0E5091B1A9A8E00F40ACE /* Release */,
			);
			defaultConfigurationIsVisible = 0;
			defaultConfigurationName = Release;
		};
/* End XCConfigurationList section */
	};
	rootObject = 7FB0E4D91B1A9A8E00F40ACE /* Project object */;
}
